
Microsoft Visual Studio Solution File, Format Version 12.00
# Visual Studio 15
VisualStudioVersion = 15.0.26403.0
MinimumVisualStudioVersion = 10.0.40219.1
Project("{FAE04EC0-301F-11D3-BF4B-00C04F79EFBC}") = "Imperium", "Imperium\Imperium.csproj", "{DBFF5BB7-B5FF-47F4-AE88-C5F962B8E94D}"
EndProject
Project("{FAE04EC0-301F-11D3-BF4B-00C04F79EFBC}") = "Entitas.Generic", "Entitas.Generic\Entitas.Generic.csproj", "{A6B60520-7ED0-4305-9EA3-AE261BDF5C6A}"
EndProject
Global
	GlobalSection(SolutionConfigurationPlatforms) = preSolution
		Debug|Any CPU = Debug|Any CPU
		Debug|ARM = Debug|ARM
		Debug|x64 = Debug|x64
		Debug|x86 = Debug|x86
		Release|Any CPU = Release|Any CPU
		Release|ARM = Release|ARM
		Release|x64 = Release|x64
		Release|x86 = Release|x86
	EndGlobalSection
	GlobalSection(ProjectConfigurationPlatforms) = postSolution
		{DBFF5BB7-B5FF-47F4-AE88-C5F962B8E94D}.Debug|Any CPU.ActiveCfg = Debug|x86
		{DBFF5BB7-B5FF-47F4-AE88-C5F962B8E94D}.Debug|ARM.ActiveCfg = Debug|ARM
		{DBFF5BB7-B5FF-47F4-AE88-C5F962B8E94D}.Debug|ARM.Build.0 = Debug|ARM
		{DBFF5BB7-B5FF-47F4-AE88-C5F962B8E94D}.Debug|ARM.Deploy.0 = Debug|ARM
		{DBFF5BB7-B5FF-47F4-AE88-C5F962B8E94D}.Debug|x64.ActiveCfg = Debug|x64
		{DBFF5BB7-B5FF-47F4-AE88-C5F962B8E94D}.Debug|x64.Build.0 = Debug|x64
		{DBFF5BB7-B5FF-47F4-AE88-C5F962B8E94D}.Debug|x64.Deploy.0 = Debug|x64
		{DBFF5BB7-B5FF-47F4-AE88-C5F962B8E94D}.Debug|x86.ActiveCfg = Debug|x86
		{DBFF5BB7-B5FF-47F4-AE88-C5F962B8E94D}.Debug|x86.Build.0 = Debug|x86
		{DBFF5BB7-B5FF-47F4-AE88-C5F962B8E94D}.Debug|x86.Deploy.0 = Debug|x86
		{DBFF5BB7-B5FF-47F4-AE88-C5F962B8E94D}.Release|Any CPU.ActiveCfg = Release|x86
		{DBFF5BB7-B5FF-47F4-AE88-C5F962B8E94D}.Release|ARM.ActiveCfg = Release|ARM
		{DBFF5BB7-B5FF-47F4-AE88-C5F962B8E94D}.Release|ARM.Build.0 = Release|ARM
		{DBFF5BB7-B5FF-47F4-AE88-C5F962B8E94D}.Release|ARM.Deploy.0 = Release|ARM
		{DBFF5BB7-B5FF-47F4-AE88-C5F962B8E94D}.Release|x64.ActiveCfg = Release|x64
		{DBFF5BB7-B5FF-47F4-AE88-C5F962B8E94D}.Release|x64.Build.0 = Release|x64
		{DBFF5BB7-B5FF-47F4-AE88-C5F962B8E94D}.Release|x64.Deploy.0 = Release|x64
		{DBFF5BB7-B5FF-47F4-AE88-C5F962B8E94D}.Release|x86.ActiveCfg = Release|x86
		{DBFF5BB7-B5FF-47F4-AE88-C5F962B8E94D}.Release|x86.Build.0 = Release|x86
		{DBFF5BB7-B5FF-47F4-AE88-C5F962B8E94D}.Release|x86.Deploy.0 = Release|x86
		{A6B60520-7ED0-4305-9EA3-AE261BDF5C6A}.Debug|Any CPU.ActiveCfg = Debug|Any CPU
		{A6B60520-7ED0-4305-9EA3-AE261BDF5C6A}.Debug|Any CPU.Build.0 = Debug|Any CPU
		{A6B60520-7ED0-4305-9EA3-AE261BDF5C6A}.Debug|ARM.ActiveCfg = Debug|Any CPU
		{A6B60520-7ED0-4305-9EA3-AE261BDF5C6A}.Debug|ARM.Build.0 = Debug|Any CPU
		{A6B60520-7ED0-4305-9EA3-AE261BDF5C6A}.Debug|x64.ActiveCfg = Debug|Any CPU
		{A6B60520-7ED0-4305-9EA3-AE261BDF5C6A}.Debug|x64.Build.0 = Debug|Any CPU
		{A6B60520-7ED0-4305-9EA3-AE261BDF5C6A}.Debug|x86.ActiveCfg = Debug|Any CPU
		{A6B60520-7ED0-4305-9EA3-AE261BDF5C6A}.Debug|x86.Build.0 = Debug|Any CPU
		{A6B60520-7ED0-4305-9EA3-AE261BDF5C6A}.Release|Any CPU.ActiveCfg = Release|Any CPU
		{A6B60520-7ED0-4305-9EA3-AE261BDF5C6A}.Release|Any CPU.Build.0 = Release|Any CPU
		{A6B60520-7ED0-4305-9EA3-AE261BDF5C6A}.Release|ARM.ActiveCfg = Release|Any CPU
		{A6B60520-7ED0-4305-9EA3-AE261BDF5C6A}.Release|ARM.Build.0 = Release|Any CPU
		{A6B60520-7ED0-4305-9EA3-AE261BDF5C6A}.Release|x64.ActiveCfg = Release|Any CPU
		{A6B60520-7ED0-4305-9EA3-AE261BDF5C6A}.Release|x64.Build.0 = Release|Any CPU
		{A6B60520-7ED0-4305-9EA3-AE261BDF5C6A}.Release|x86.ActiveCfg = Release|Any CPU
		{A6B60520-7ED0-4305-9EA3-AE261BDF5C6A}.Release|x86.Build.0 = Release|Any CPU
	EndGlobalSection
	GlobalSection(SolutionProperties) = preSolution
		HideSolutionNode = FALSE
	EndGlobalSection
EndGlobal
